
Microsoft Visual Studio Solution File, Format Version 12.00
# Visual Studio 14
VisualStudioVersion = 14.0.25420.1
MinimumVisualStudioVersion = 10.0.40219.1
Project("{FAE04EC0-301F-11D3-BF4B-00C04F79EFBC}") = "GMTool.Droid", "GMTool\GMTool.Droid\GMTool.Droid.csproj", "{ED227634-ED39-4476-AED3-9CAA25980F34}"
EndProject
Project("{D954291E-2A0B-460D-934E-DC6B0785DB48}") = "GMTool", "GMTool\GMTool\GMTool.shproj", "{8EAAD437-F1C7-428D-8462-8A7E139C7882}"
EndProject
Global
	GlobalSection(SharedMSBuildProjectFiles) = preSolution
		GMTool\GMTool\GMTool.projitems*{8eaad437-f1c7-428d-8462-8a7e139c7882}*SharedItemsImports = 13
	EndGlobalSection
	GlobalSection(SolutionConfigurationPlatforms) = preSolution
		Debug|Any CPU = Debug|Any CPU
		Release|Any CPU = Release|Any CPU
	EndGlobalSection
	GlobalSection(ProjectConfigurationPlatforms) = postSolution
		{ED227634-ED39-4476-AED3-9CAA25980F34}.Debug|Any CPU.ActiveCfg = Debug|Any CPU
		{ED227634-ED39-4476-AED3-9CAA25980F34}.Debug|Any CPU.Build.0 = Debug|Any CPU
		{ED227634-ED39-4476-AED3-9CAA25980F34}.Debug|Any CPU.Deploy.0 = Debug|Any CPU
		{ED227634-ED39-4476-AED3-9CAA25980F34}.Release|Any CPU.ActiveCfg = Release|Any CPU
		{ED227634-ED39-4476-AED3-9CAA25980F34}.Release|Any CPU.Build.0 = Release|Any CPU
		{ED227634-ED39-4476-AED3-9CAA25980F34}.Release|Any CPU.Deploy.0 = Release|Any CPU
	EndGlobalSection
	GlobalSection(SolutionProperties) = preSolution
		HideSolutionNode = FALSE
	EndGlobalSection
EndGlobal
