
Microsoft Visual Studio Solution File, Format Version 12.00
# Visual Studio 14
VisualStudioVersion = 14.0.25420.1
MinimumVisualStudioVersion = 10.0.40219.1
Project("{FAE04EC0-301F-11D3-BF4B-00C04F79EFBC}") = "GMToolAndroid", "GMToolAndroid\GMToolAndroid.csproj", "{A2F31138-7383-45A0-B94F-05708E713859}"
EndProject
Project("{8BB2217D-0F2D-49D1-97BC-3654ED321F3B}") = "GMToolShared", "GMToolShared\GMToolShared.xproj", "{7A77181F-DD8D-4B63-ADFF-F090DBDAA584}"
EndProject
Global
	GlobalSection(SolutionConfigurationPlatforms) = preSolution
		Debug|Any CPU = Debug|Any CPU
		Release|Any CPU = Release|Any CPU
	EndGlobalSection
	GlobalSection(ProjectConfigurationPlatforms) = postSolution
		{A2F31138-7383-45A0-B94F-05708E713859}.Debug|Any CPU.ActiveCfg = Debug|Any CPU
		{A2F31138-7383-45A0-B94F-05708E713859}.Debug|Any CPU.Build.0 = Debug|Any CPU
		{A2F31138-7383-45A0-B94F-05708E713859}.Debug|Any CPU.Deploy.0 = Debug|Any CPU
		{A2F31138-7383-45A0-B94F-05708E713859}.Release|Any CPU.ActiveCfg = Release|Any CPU
		{A2F31138-7383-45A0-B94F-05708E713859}.Release|Any CPU.Build.0 = Release|Any CPU
		{A2F31138-7383-45A0-B94F-05708E713859}.Release|Any CPU.Deploy.0 = Release|Any CPU
		{7A77181F-DD8D-4B63-ADFF-F090DBDAA584}.Debug|Any CPU.ActiveCfg = Debug|Any CPU
		{7A77181F-DD8D-4B63-ADFF-F090DBDAA584}.Debug|Any CPU.Build.0 = Debug|Any CPU
		{7A77181F-DD8D-4B63-ADFF-F090DBDAA584}.Release|Any CPU.ActiveCfg = Release|Any CPU
		{7A77181F-DD8D-4B63-ADFF-F090DBDAA584}.Release|Any CPU.Build.0 = Release|Any CPU
	EndGlobalSection
	GlobalSection(SolutionProperties) = preSolution
		HideSolutionNode = FALSE
	EndGlobalSection
EndGlobal
